
Microsoft Visual Studio Solution File, Format Version 12.00
# Visual Studio Version 17
VisualStudioVersion = 17.9.34616.47
MinimumVisualStudioVersion = 10.0.40219.1
Project("{FAE04EC0-301F-11D3-BF4B-00C04F79EFBC}") = "MagicVilla_VillaAPI", "MagicVilla_VillaAPI\MagicVilla_VillaAPI.csproj", "{BFAED2FA-9693-4858-9DBC-552E6F0EF03A}"
EndProject
Global
	GlobalSection(SolutionConfigurationPlatforms) = preSolution
		Debug|Any CPU = Debug|Any CPU
		Release|Any CPU = Release|Any CPU
	EndGlobalSection
	GlobalSection(ProjectConfigurationPlatforms) = postSolution
		{BFAED2FA-9693-4858-9DBC-552E6F0EF03A}.Debug|Any CPU.ActiveCfg = Debug|Any CPU
		{BFAED2FA-9693-4858-9DBC-552E6F0EF03A}.Debug|Any CPU.Build.0 = Debug|Any CPU
		{BFAED2FA-9693-4858-9DBC-552E6F0EF03A}.Release|Any CPU.ActiveCfg = Release|Any CPU
		{BFAED2FA-9693-4858-9DBC-552E6F0EF03A}.Release|Any CPU.Build.0 = Release|Any CPU
	EndGlobalSection
	GlobalSection(SolutionProperties) = preSolution
		HideSolutionNode = FALSE
	EndGlobalSection
	GlobalSection(ExtensibilityGlobals) = postSolution
		SolutionGuid = {2ED00C99-2BA2-4B3E-8EB3-14C65532F402}
	EndGlobalSection
EndGlobal
